
Microsoft Visual Studio Solution File, Format Version 12.00
# Visual Studio Version 17
VisualStudioVersion = 17.10.35013.160
MinimumVisualStudioVersion = 10.0.40219.1
Project("{FAE04EC0-301F-11D3-BF4B-00C04F79EFBC}") = "WPF_first_app", "WPF_first_app.csproj", "{A1288998-D233-49A0-937D-7E01BF929FB1}"
EndProject
Global
	GlobalSection(SolutionConfigurationPlatforms) = preSolution
		Debug|Any CPU = Debug|Any CPU
		Release|Any CPU = Release|Any CPU
	EndGlobalSection
	GlobalSection(ProjectConfigurationPlatforms) = postSolution
		{A1288998-D233-49A0-937D-7E01BF929FB1}.Debug|Any CPU.ActiveCfg = Debug|Any CPU
		{A1288998-D233-49A0-937D-7E01BF929FB1}.Debug|Any CPU.Build.0 = Debug|Any CPU
		{A1288998-D233-49A0-937D-7E01BF929FB1}.Release|Any CPU.ActiveCfg = Release|Any CPU
		{A1288998-D233-49A0-937D-7E01BF929FB1}.Release|Any CPU.Build.0 = Release|Any CPU
	EndGlobalSection
	GlobalSection(SolutionProperties) = preSolution
		HideSolutionNode = FALSE
	EndGlobalSection
	GlobalSection(ExtensibilityGlobals) = postSolution
		SolutionGuid = {FAAEDE4A-99FD-44F5-909E-FE507A48E127}
	EndGlobalSection
EndGlobal
